{
  "name": "@thzero/gd-library_server_random",
  "version": "0.8.0",
  "lockfileVersion": 3,
  "requires": true,
  "packages": {
    "": {
      "name": "@thzero/gd-library_server_random",
      "version": "0.8.0",
      "dependencies": {
        "@thzero/library_common_service": "^0.18",
        "random-js": "^2.1.0"
      },
      "engines": {
        "node": ">=12.8.3"
      }
    },
    "node_modules/@thzero/library_common": {
      "version": "0.18.3",
      "resolved": "https://registry.npmjs.org/@thzero/library_common/-/library_common-0.18.3.tgz",
      "integrity": "sha512-jZB27s2dK7TJaX78gj7dyH8DFlXfiJK7Ez3hnGi6eKyJUzJtXoXfQfHILy+A3/zYacfRQUu0mjhl85tPu5bYJQ==",
      "peer": true,
      "dependencies": {
        "@thzero/library_id_nanoid": "^0.18",
        "dayjs": "^1.11.10",
        "dayjs-plugin-utc": "^0.1.2",
        "lodash-es": "^4.17.21"
      }
    },
    "node_modules/@thzero/library_common_service": {
      "version": "0.18.2",
      "resolved": "https://registry.npmjs.org/@thzero/library_common_service/-/library_common_service-0.18.2.tgz",
      "integrity": "sha512-nBkUsvqrRZN0nQhC9qzn65zat/ffLL8/XGu0jvMxtByFnsIczLxAvoyr4NYaOsYsXsUy751AKwy6iUJ7UxWlOA==",
      "peerDependencies": {
        "@thzero/library_common": "^0.18"
      }
    },
    "node_modules/@thzero/library_id_nanoid": {
      "version": "0.18.2",
      "resolved": "https://registry.npmjs.org/@thzero/library_id_nanoid/-/library_id_nanoid-0.18.2.tgz",
      "integrity": "sha512-/K7SIE0MfB5P00ol5mpC3mkgjwc51Bc1ZLu1bGlJJK/OW+wO/jeMYRiLFWdUko64ZcE3EB+t1hFAajjLVsnGyA==",
      "peer": true,
      "dependencies": {
        "nanoid": "^5.0.6"
      }
    },
    "node_modules/dayjs": {
      "version": "1.11.10",
      "resolved": "https://registry.npmjs.org/dayjs/-/dayjs-1.11.10.tgz",
      "integrity": "sha512-vjAczensTgRcqDERK0SR2XMwsF/tSvnvlv6VcF2GIhg6Sx4yOIt/irsr1RDJsKiIyBzJDpCoXiWWq28MqH2cnQ==",
      "peer": true
    },
    "node_modules/dayjs-plugin-utc": {
      "version": "0.1.2",
      "resolved": "https://registry.npmjs.org/dayjs-plugin-utc/-/dayjs-plugin-utc-0.1.2.tgz",
      "integrity": "sha512-ExERH5o3oo6jFOdkvMP3gytTCQ9Ksi5PtylclJWghr7k7m3o2U5QrwtdiJkOxLOH4ghr0EKhpqGefzGz1VvVJg==",
      "peer": true
    },
    "node_modules/lodash-es": {
      "version": "4.17.21",
      "resolved": "https://registry.npmjs.org/lodash-es/-/lodash-es-4.17.21.tgz",
      "integrity": "sha512-mKnC+QJ9pWVzv+C4/U3rRsHapFfHvQFoFB92e52xeyGMcX6/OlIl78je1u8vePzYZSkkogMPJ2yjxxsb89cxyw==",
      "peer": true
    },
    "node_modules/nanoid": {
      "version": "5.0.6",
      "resolved": "https://registry.npmjs.org/nanoid/-/nanoid-5.0.6.tgz",
      "integrity": "sha512-rRq0eMHoGZxlvaFOUdK1Ev83Bd1IgzzR+WJ3IbDJ7QOSdAxYjlurSPqFs9s4lJg29RT6nPwizFtJhQS6V5xgiA==",
      "funding": [
        {
          "type": "github",
          "url": "https://github.com/sponsors/ai"
        }
      ],
      "peer": true,
      "bin": {
        "nanoid": "bin/nanoid.js"
      },
      "engines": {
        "node": "^18 || >=20"
      }
    },
    "node_modules/random-js": {
      "version": "2.1.0",
      "resolved": "https://registry.npmjs.org/random-js/-/random-js-2.1.0.tgz",
      "integrity": "sha512-CRUyWmnzmZBA7RZSVGq0xMqmgCyPPxbiKNLFA5ud7KenojVX2s7Gv+V7eB52beKTPGxWRnVZ7D/tCIgYJJ8vNQ=="
    }
  }
}
